{
  "name": "twitter",
  "version": "1.0.0",
  "lockfileVersion": 2,
  "requires": true,
  "packages": {
    "": {
      "name": "twitter",
      "version": "1.0.0",
      "license": "ISC",
      "dependencies": {
        "dotenv": "^16.0.0",
        "twitter-api-v2": "^1.11.0"
      }
    },
    "node_modules/dotenv": {
      "version": "16.0.0",
      "resolved": "https://registry.npmjs.org/dotenv/-/dotenv-16.0.0.tgz",
      "integrity": "sha512-qD9WU0MPM4SWLPJy/r2Be+2WgQj8plChsyrCNQzW/0WjvcJQiKQJ9mH3ZgB3fxbUUxgc/11ZJ0Fi5KiimWGz2Q==",
      "engines": {
        "node": ">=12"
      }
    },
    "node_modules/twitter-api-v2": {
      "version": "1.11.0",
      "resolved": "https://registry.npmjs.org/twitter-api-v2/-/twitter-api-v2-1.11.0.tgz",
      "integrity": "sha512-aCIHKtzhQdKp5fYXCHY6HCfkNc9QAhbJ+zIPGzPCbx8/2UnfmNGIVt9eZqsJP5kj96p9BfXMXsTVhn4nvFsBNA=="
    }
  },
  "dependencies": {
    "dotenv": {
      "version": "16.0.0",
      "resolved": "https://registry.npmjs.org/dotenv/-/dotenv-16.0.0.tgz",
      "integrity": "sha512-qD9WU0MPM4SWLPJy/r2Be+2WgQj8plChsyrCNQzW/0WjvcJQiKQJ9mH3ZgB3fxbUUxgc/11ZJ0Fi5KiimWGz2Q=="
    },
    "twitter-api-v2": {
      "version": "1.11.0",
      "resolved": "https://registry.npmjs.org/twitter-api-v2/-/twitter-api-v2-1.11.0.tgz",
      "integrity": "sha512-aCIHKtzhQdKp5fYXCHY6HCfkNc9QAhbJ+zIPGzPCbx8/2UnfmNGIVt9eZqsJP5kj96p9BfXMXsTVhn4nvFsBNA=="
    }
  }
}
